{
  "originHash" : "ebde79ec49c2d57b7bc486d5b6f6a6b4216d0e9a4dcaf5e65aaea3bc6b7bfb82",
  "pins" : [
    {
      "identity" : "sparkle",
      "kind" : "remoteSourceControl",
      "location" : "https://github.com/sparkle-project/Sparkle",
      "state" : {
        "revision" : "b6496a74a087257ef5e6da1c5b29a447a60f5bd7",
        "version" : "2.9.4"
      }
    }
  ],
  "version" : 3
}
